
Microsoft Visual Studio Solution File, Format Version 12.00
# Visual Studio Version 16
VisualStudioVersion = 16.0.30621.155
MinimumVisualStudioVersion = 10.0.40219.1
Project("{FAE04EC0-301F-11D3-BF4B-00C04F79EFBC}") = "Exercises_18-2018", "Exercises_18-2018\Exercises_18-2018.csproj", "{B49A6D97-3403-4620-BCEE-3CE4EE61615B}"
EndProject
Global
	GlobalSection(SolutionConfigurationPlatforms) = preSolution
		Debug|Any CPU = Debug|Any CPU
		Release|Any CPU = Release|Any CPU
	EndGlobalSection
	GlobalSection(ProjectConfigurationPlatforms) = postSolution
		{B49A6D97-3403-4620-BCEE-3CE4EE61615B}.Debug|Any CPU.ActiveCfg = Debug|Any CPU
		{B49A6D97-3403-4620-BCEE-3CE4EE61615B}.Debug|Any CPU.Build.0 = Debug|Any CPU
		{B49A6D97-3403-4620-BCEE-3CE4EE61615B}.Release|Any CPU.ActiveCfg = Release|Any CPU
		{B49A6D97-3403-4620-BCEE-3CE4EE61615B}.Release|Any CPU.Build.0 = Release|Any CPU
	EndGlobalSection
	GlobalSection(SolutionProperties) = preSolution
		HideSolutionNode = FALSE
	EndGlobalSection
	GlobalSection(ExtensibilityGlobals) = postSolution
		SolutionGuid = {4B6446B9-F8D0-4220-81A3-1CB86D45A3D9}
	EndGlobalSection
EndGlobal
